// !$*UTF8*$!
{
	archiveVersion = 1;
	classes = {
	};
	objectVersion = 56;
	objects = {

/* Begin PBXBuildFile section */
		2D23ED5D299FA4B300EAF8AF /* MapData.swift in Sources */ = {isa = PBXBuildFile; fileRef = 2D23ED5C299FA4B300EAF8AF /* MapData.swift */; };
		2D23ED60299FC2F200EAF8AF /* MapMarkView.swift in Sources */ = {isa = PBXBuildFile; fileRef = 2D23ED5F299FC2F200EAF8AF /* MapMarkView.swift */; };
		2D23ED6229A0043D00EAF8AF /* NewsViewController.swift in Sources */ = {isa = PBXBuildFile; fileRef = 2D23ED6129A0043C00EAF8AF /* NewsViewController.swift */; };
		2D23ED6429A004EC00EAF8AF /* NewsTableViewCell.swift in Sources */ = {isa = PBXBuildFile; fileRef = 2D23ED6329A004EC00EAF8AF /* NewsTableViewCell.swift */; };
		2D23ED6629A0054200EAF8AF /* NewsCellView.swift in Sources */ = {isa = PBXBuildFile; fileRef = 2D23ED6529A0054200EAF8AF /* NewsCellView.swift */; };
		2D23ED6929A0058900EAF8AF /* NewsViewModel.swift in Sources */ = {isa = PBXBuildFile; fileRef = 2D23ED6829A0058900EAF8AF /* NewsViewModel.swift */; };
		2D25C0F3299B6A3400B8B084 /* AppDelegate.swift in Sources */ = {isa = PBXBuildFile; fileRef = 2D25C0F2299B6A3400B8B084 /* AppDelegate.swift */; };
		2D25C0F5299B6A3400B8B084 /* SceneDelegate.swift in Sources */ = {isa = PBXBuildFile; fileRef = 2D25C0F4299B6A3400B8B084 /* SceneDelegate.swift */; };
		2D25C0F7299B6A3400B8B084 /* AuthViewController.swift in Sources */ = {isa = PBXBuildFile; fileRef = 2D25C0F6299B6A3400B8B084 /* AuthViewController.swift */; };
		2D25C0FA299B6A3400B8B084 /* Main.storyboard in Resources */ = {isa = PBXBuildFile; fileRef = 2D25C0F8299B6A3400B8B084 /* Main.storyboard */; };
		2D25C0FC299B6A3600B8B084 /* Assets.xcassets in Resources */ = {isa = PBXBuildFile; fileRef = 2D25C0FB299B6A3600B8B084 /* Assets.xcassets */; };
		2D25C0FF299B6A3600B8B084 /* LaunchScreen.storyboard in Resources */ = {isa = PBXBuildFile; fileRef = 2D25C0FD299B6A3600B8B084 /* LaunchScreen.storyboard */; };
		2D2C211F29A3506D00C1AB71 /* Persistance.swift in Sources */ = {isa = PBXBuildFile; fileRef = 2D2C211E29A3506D00C1AB71 /* Persistance.swift */; };
		2D368A17299E07570039E7C4 /* AuthView.swift in Sources */ = {isa = PBXBuildFile; fileRef = 2D368A16299E07570039E7C4 /* AuthView.swift */; };
		2D368A19299E07F40039E7C4 /* RegistrationViewController.swift in Sources */ = {isa = PBXBuildFile; fileRef = 2D368A18299E07F40039E7C4 /* RegistrationViewController.swift */; };
		2D368A1C299E0ABD0039E7C4 /* AuthViewModel.swift in Sources */ = {isa = PBXBuildFile; fileRef = 2D368A1B299E0ABD0039E7C4 /* AuthViewModel.swift */; };
		2D368A1F299E0EE40039E7C4 /* Fonts.swift in Sources */ = {isa = PBXBuildFile; fileRef = 2D368A1E299E0EE40039E7C4 /* Fonts.swift */; };
		2D368A21299E15110039E7C4 /* Colors.swift in Sources */ = {isa = PBXBuildFile; fileRef = 2D368A20299E15110039E7C4 /* Colors.swift */; };
		2D368A23299E7C540039E7C4 /* UITextField+Padding.swift in Sources */ = {isa = PBXBuildFile; fileRef = 2D368A22299E7C540039E7C4 /* UITextField+Padding.swift */; };
		2D368A25299EBC530039E7C4 /* ResetPassViewController.swift in Sources */ = {isa = PBXBuildFile; fileRef = 2D368A24299EBC530039E7C4 /* ResetPassViewController.swift */; };
		2D368A27299EBC7E0039E7C4 /* ResetPassView.swift in Sources */ = {isa = PBXBuildFile; fileRef = 2D368A26299EBC7E0039E7C4 /* ResetPassView.swift */; };
		2D41BAC6299B7DF5000637BD /* GoogleService-Info.plist in Resources */ = {isa = PBXBuildFile; fileRef = 2D41BAC5299B7DF5000637BD /* GoogleService-Info.plist */; };
		2D41BAC9299B7FE2000637BD /* FirebaseAnalytics in Frameworks */ = {isa = PBXBuildFile; productRef = 2D41BAC8299B7FE2000637BD /* FirebaseAnalytics */; };
		2D41BACB299B7FE2000637BD /* FirebaseAuth in Frameworks */ = {isa = PBXBuildFile; productRef = 2D41BACA299B7FE2000637BD /* FirebaseAuth */; };
		2D8E5076299F6A4B00A3A6A7 /* MapViewController.swift in Sources */ = {isa = PBXBuildFile; fileRef = 2D8E5075299F6A4B00A3A6A7 /* MapViewController.swift */; };
		2D8E507A299F6FDA00A3A6A7 /* FavoritesViewController.swift in Sources */ = {isa = PBXBuildFile; fileRef = 2D8E5079299F6FDA00A3A6A7 /* FavoritesViewController.swift */; };
		2D8E507C299F72C800A3A6A7 /* ArticleViewController.swift in Sources */ = {isa = PBXBuildFile; fileRef = 2D8E507B299F72C700A3A6A7 /* ArticleViewController.swift */; };
		2DB70B1029A217F6000E0457 /* ArticleView.swift in Sources */ = {isa = PBXBuildFile; fileRef = 2DB70B0F29A217F5000E0457 /* ArticleView.swift */; };
		2DB70B1229A23487000E0457 /* FavoritesCellView.swift in Sources */ = {isa = PBXBuildFile; fileRef = 2DB70B1129A23487000E0457 /* FavoritesCellView.swift */; };
		2DB70B1429A2360F000E0457 /* FavoritesCollectionViewCell.swift in Sources */ = {isa = PBXBuildFile; fileRef = 2DB70B1329A2360F000E0457 /* FavoritesCollectionViewCell.swift */; };
		2DB70B1729A2699F000E0457 /* ProfileViewModel.swift in Sources */ = {isa = PBXBuildFile; fileRef = 2DB70B1629A2699F000E0457 /* ProfileViewModel.swift */; };
		2DB70B1929A26DD1000E0457 /* ProfileView.swift in Sources */ = {isa = PBXBuildFile; fileRef = 2DB70B1829A26DD1000E0457 /* ProfileView.swift */; };
		2DB70B1B29A29CFC000E0457 /* CurrentUser.swift in Sources */ = {isa = PBXBuildFile; fileRef = 2DB70B1A29A29CFC000E0457 /* CurrentUser.swift */; };
		2DDFACAA299D69D100E07A96 /* ProfileViewController.swift in Sources */ = {isa = PBXBuildFile; fileRef = 2DDFACA9299D69D100E07A96 /* ProfileViewController.swift */; };
		2DFC79B229A13C5700465CA9 /* NewsData.swift in Sources */ = {isa = PBXBuildFile; fileRef = 2DFC79B129A13C5700465CA9 /* NewsData.swift */; };
/* End PBXBuildFile section */

/* Begin PBXFileReference section */
		2D23ED5C299FA4B300EAF8AF /* MapData.swift */ = {isa = PBXFileReference; lastKnownFileType = sourcecode.swift; path = MapData.swift; sourceTree = "<group>"; };
		2D23ED5F299FC2F200EAF8AF /* MapMarkView.swift */ = {isa = PBXFileReference; lastKnownFileType = sourcecode.swift; path = MapMarkView.swift; sourceTree = "<group>"; };
		2D23ED6129A0043C00EAF8AF /* NewsViewController.swift */ = {isa = PBXFileReference; lastKnownFileType = sourcecode.swift; path = NewsViewController.swift; sourceTree = "<group>"; };
		2D23ED6329A004EC00EAF8AF /* NewsTableViewCell.swift */ = {isa = PBXFileReference; lastKnownFileType = sourcecode.swift; path = NewsTableViewCell.swift; sourceTree = "<group>"; };
		2D23ED6529A0054200EAF8AF /* NewsCellView.swift */ = {isa = PBXFileReference; lastKnownFileType = sourcecode.swift; path = NewsCellView.swift; sourceTree = "<group>"; };
		2D23ED6829A0058900EAF8AF /* NewsViewModel.swift */ = {isa = PBXFileReference; lastKnownFileType = sourcecode.swift; path = NewsViewModel.swift; sourceTree = "<group>"; };
		2D25C0EF299B6A3400B8B084 /* TestTheApp.app */ = {isa = PBXFileReference; explicitFileType = wrapper.application; includeInIndex = 0; path = TestTheApp.app; sourceTree = BUILT_PRODUCTS_DIR; };
		2D25C0F2299B6A3400B8B084 /* AppDelegate.swift */ = {isa = PBXFileReference; lastKnownFileType = sourcecode.swift; path = AppDelegate.swift; sourceTree = "<group>"; };
		2D25C0F4299B6A3400B8B084 /* SceneDelegate.swift */ = {isa = PBXFileReference; lastKnownFileType = sourcecode.swift; path = SceneDelegate.swift; sourceTree = "<group>"; };
		2D25C0F6299B6A3400B8B084 /* AuthViewController.swift */ = {isa = PBXFileReference; lastKnownFileType = sourcecode.swift; path = AuthViewController.swift; sourceTree = "<group>"; };
		2D25C0F9299B6A3400B8B084 /* Base */ = {isa = PBXFileReference; lastKnownFileType = file.storyboard; name = Base; path = Base.lproj/Main.storyboard; sourceTree = "<group>"; };
		2D25C0FB299B6A3600B8B084 /* Assets.xcassets */ = {isa = PBXFileReference; lastKnownFileType = folder.assetcatalog; path = Assets.xcassets; sourceTree = "<group>"; };
		2D25C0FE299B6A3600B8B084 /* Base */ = {isa = PBXFileReference; lastKnownFileType = file.storyboard; name = Base; path = Base.lproj/LaunchScreen.storyboard; sourceTree = "<group>"; };
		2D25C100299B6A3600B8B084 /* Info.plist */ = {isa = PBXFileReference; lastKnownFileType = text.plist.xml; path = Info.plist; sourceTree = "<group>"; };
		2D2C211E29A3506D00C1AB71 /* Persistance.swift */ = {isa = PBXFileReference; lastKnownFileType = sourcecode.swift; path = Persistance.swift; sourceTree = "<group>"; };
		2D368A16299E07570039E7C4 /* AuthView.swift */ = {isa = PBXFileReference; lastKnownFileType = sourcecode.swift; path = AuthView.swift; sourceTree = "<group>"; };
		2D368A18299E07F40039E7C4 /* RegistrationViewController.swift */ = {isa = PBXFileReference; lastKnownFileType = sourcecode.swift; path = RegistrationViewController.swift; sourceTree = "<group>"; };
		2D368A1B299E0ABD0039E7C4 /* AuthViewModel.swift */ = {isa = PBXFileReference; lastKnownFileType = sourcecode.swift; path = AuthViewModel.swift; sourceTree = "<group>"; };
		2D368A1E299E0EE40039E7C4 /* Fonts.swift */ = {isa = PBXFileReference; lastKnownFileType = sourcecode.swift; path = Fonts.swift; sourceTree = "<group>"; };
		2D368A20299E15110039E7C4 /* Colors.swift */ = {isa = PBXFileReference; lastKnownFileType = sourcecode.swift; path = Colors.swift; sourceTree = "<group>"; };
		2D368A22299E7C540039E7C4 /* UITextField+Padding.swift */ = {isa = PBXFileReference; lastKnownFileType = sourcecode.swift; path = "UITextField+Padding.swift"; sourceTree = "<group>"; };
		2D368A24299EBC530039E7C4 /* ResetPassViewController.swift */ = {isa = PBXFileReference; lastKnownFileType = sourcecode.swift; path = ResetPassViewController.swift; sourceTree = "<group>"; };
		2D368A26299EBC7E0039E7C4 /* ResetPassView.swift */ = {isa = PBXFileReference; lastKnownFileType = sourcecode.swift; path = ResetPassView.swift; sourceTree = "<group>"; };
		2D41BAC5299B7DF5000637BD /* GoogleService-Info.plist */ = {isa = PBXFileReference; fileEncoding = 4; lastKnownFileType = text.plist.xml; path = "GoogleService-Info.plist"; sourceTree = "<group>"; };
		2D8E5075299F6A4B00A3A6A7 /* MapViewController.swift */ = {isa = PBXFileReference; lastKnownFileType = sourcecode.swift; path = MapViewController.swift; sourceTree = "<group>"; };
		2D8E5079299F6FDA00A3A6A7 /* FavoritesViewController.swift */ = {isa = PBXFileReference; lastKnownFileType = sourcecode.swift; path = FavoritesViewController.swift; sourceTree = "<group>"; };
		2D8E507B299F72C700A3A6A7 /* ArticleViewController.swift */ = {isa = PBXFileReference; lastKnownFileType = sourcecode.swift; path = ArticleViewController.swift; sourceTree = "<group>"; };
		2DB70B0F29A217F5000E0457 /* ArticleView.swift */ = {isa = PBXFileReference; lastKnownFileType = sourcecode.swift; path = ArticleView.swift; sourceTree = "<group>"; };
		2DB70B1129A23487000E0457 /* FavoritesCellView.swift */ = {isa = PBXFileReference; lastKnownFileType = sourcecode.swift; path = FavoritesCellView.swift; sourceTree = "<group>"; };
		2DB70B1329A2360F000E0457 /* FavoritesCollectionViewCell.swift */ = {isa = PBXFileReference; lastKnownFileType = sourcecode.swift; path = FavoritesCollectionViewCell.swift; sourceTree = "<group>"; };
		2DB70B1629A2699F000E0457 /* ProfileViewModel.swift */ = {isa = PBXFileReference; lastKnownFileType = sourcecode.swift; path = ProfileViewModel.swift; sourceTree = "<group>"; };
		2DB70B1829A26DD1000E0457 /* ProfileView.swift */ = {isa = PBXFileReference; lastKnownFileType = sourcecode.swift; path = ProfileView.swift; sourceTree = "<group>"; };
		2DB70B1A29A29CFC000E0457 /* CurrentUser.swift */ = {isa = PBXFileReference; lastKnownFileType = sourcecode.swift; path = CurrentUser.swift; sourceTree = "<group>"; };
		2DDFACA9299D69D100E07A96 /* ProfileViewController.swift */ = {isa = PBXFileReference; lastKnownFileType = sourcecode.swift; path = ProfileViewController.swift; sourceTree = "<group>"; };
		2DFC79B129A13C5700465CA9 /* NewsData.swift */ = {isa = PBXFileReference; lastKnownFileType = sourcecode.swift; path = NewsData.swift; sourceTree = "<group>"; };
/* End PBXFileReference section */

/* Begin PBXFrameworksBuildPhase section */
		2D25C0EC299B6A3400B8B084 /* Frameworks */ = {
			isa = PBXFrameworksBuildPhase;
			buildActionMask = 2147483647;
			files = (
				2D41BAC9299B7FE2000637BD /* FirebaseAnalytics in Frameworks */,
				2D41BACB299B7FE2000637BD /* FirebaseAuth in Frameworks */,
			);
			runOnlyForDeploymentPostprocessing = 0;
		};
/* End PBXFrameworksBuildPhase section */

/* Begin PBXGroup section */
		2D23ED5E299FC2A700EAF8AF /* VIews */ = {
			isa = PBXGroup;
			children = (
				2DB70B1529A2383C000E0457 /* Cells */,
				2D23ED5F299FC2F200EAF8AF /* MapMarkView.swift */,
				2D23ED6529A0054200EAF8AF /* NewsCellView.swift */,
				2DB70B0F29A217F5000E0457 /* ArticleView.swift */,
				2DB70B1129A23487000E0457 /* FavoritesCellView.swift */,
				2DB70B1829A26DD1000E0457 /* ProfileView.swift */,
			);
			path = VIews;
			sourceTree = "<group>";
		};
		2D23ED6729A0056A00EAF8AF /* ViewModels */ = {
			isa = PBXGroup;
			children = (
				2D23ED6829A0058900EAF8AF /* NewsViewModel.swift */,
				2DB70B1629A2699F000E0457 /* ProfileViewModel.swift */,
			);
			path = ViewModels;
			sourceTree = "<group>";
		};
		2D25C0E6299B6A3400B8B084 = {
			isa = PBXGroup;
			children = (
				2D25C0F1299B6A3400B8B084 /* TestTheApp */,
				2D25C0F0299B6A3400B8B084 /* Products */,
			);
			sourceTree = "<group>";
		};
		2D25C0F0299B6A3400B8B084 /* Products */ = {
			isa = PBXGroup;
			children = (
				2D25C0EF299B6A3400B8B084 /* TestTheApp.app */,
			);
			name = Products;
			sourceTree = "<group>";
		};
		2D25C0F1299B6A3400B8B084 /* TestTheApp */ = {
			isa = PBXGroup;
			children = (
				2D368A1D299E0ECC0039E7C4 /* Common */,
				2D368A14299E06710039E7C4 /* System */,
				2D368A11299E06070039E7C4 /* Authorization */,
				2D368A13299E06370039E7C4 /* App */,
				2D25C0F8299B6A3400B8B084 /* Main.storyboard */,
				2D25C0FB299B6A3600B8B084 /* Assets.xcassets */,
				2D25C0FD299B6A3600B8B084 /* LaunchScreen.storyboard */,
				2D25C100299B6A3600B8B084 /* Info.plist */,
				2D41BAC5299B7DF5000637BD /* GoogleService-Info.plist */,
			);
			path = TestTheApp;
			sourceTree = "<group>";
		};
		2D368A11299E06070039E7C4 /* Authorization */ = {
			isa = PBXGroup;
			children = (
				2D368A1A299E0A960039E7C4 /* ViewModels */,
				2D368A15299E06DF0039E7C4 /* Views */,
				2D368A12299E062B0039E7C4 /* Comtrollers */,
			);
			path = Authorization;
			sourceTree = "<group>";
		};
		2D368A12299E062B0039E7C4 /* Comtrollers */ = {
			isa = PBXGroup;
			children = (
				2D25C0F6299B6A3400B8B084 /* AuthViewController.swift */,
				2D368A18299E07F40039E7C4 /* RegistrationViewController.swift */,
				2D368A24299EBC530039E7C4 /* ResetPassViewController.swift */,
			);
			path = Comtrollers;
			sourceTree = "<group>";
		};
		2D368A13299E06370039E7C4 /* App */ = {
			isa = PBXGroup;
			children = (
				2D23ED6729A0056A00EAF8AF /* ViewModels */,
				2D23ED5E299FC2A700EAF8AF /* VIews */,
				2D8E507D299F8FBD00A3A6A7 /* Data */,
				2D8E5074299F6A1500A3A6A7 /* Controllers */,
			);
			path = App;
			sourceTree = "<group>";
		};
		2D368A14299E06710039E7C4 /* System */ = {
			isa = PBXGroup;
			children = (
				2D25C0F4299B6A3400B8B084 /* SceneDelegate.swift */,
				2D25C0F2299B6A3400B8B084 /* AppDelegate.swift */,
				2D368A22299E7C540039E7C4 /* UITextField+Padding.swift */,
			);
			path = System;
			sourceTree = "<group>";
		};
		2D368A15299E06DF0039E7C4 /* Views */ = {
			isa = PBXGroup;
			children = (
				2D368A16299E07570039E7C4 /* AuthView.swift */,
				2D368A26299EBC7E0039E7C4 /* ResetPassView.swift */,
			);
			path = Views;
			sourceTree = "<group>";
		};
		2D368A1A299E0A960039E7C4 /* ViewModels */ = {
			isa = PBXGroup;
			children = (
				2D368A1B299E0ABD0039E7C4 /* AuthViewModel.swift */,
			);
			path = ViewModels;
			sourceTree = "<group>";
		};
		2D368A1D299E0ECC0039E7C4 /* Common */ = {
			isa = PBXGroup;
			children = (
				2D368A1E299E0EE40039E7C4 /* Fonts.swift */,
				2D368A20299E15110039E7C4 /* Colors.swift */,
			);
			path = Common;
			sourceTree = "<group>";
		};
		2D8E5074299F6A1500A3A6A7 /* Controllers */ = {
			isa = PBXGroup;
			children = (
				2D8E5075299F6A4B00A3A6A7 /* MapViewController.swift */,
				2DDFACA9299D69D100E07A96 /* ProfileViewController.swift */,
				2D8E5079299F6FDA00A3A6A7 /* FavoritesViewController.swift */,
				2D8E507B299F72C700A3A6A7 /* ArticleViewController.swift */,
				2D23ED6129A0043C00EAF8AF /* NewsViewController.swift */,
			);
			path = Controllers;
			sourceTree = "<group>";
		};
		2D8E507D299F8FBD00A3A6A7 /* Data */ = {
			isa = PBXGroup;
			children = (
				2D23ED5C299FA4B300EAF8AF /* MapData.swift */,
				2DFC79B129A13C5700465CA9 /* NewsData.swift */,
				2DB70B1A29A29CFC000E0457 /* CurrentUser.swift */,
				2D2C211E29A3506D00C1AB71 /* Persistance.swift */,
			);
			path = Data;
			sourceTree = "<group>";
		};
		2DB70B1529A2383C000E0457 /* Cells */ = {
			isa = PBXGroup;
			children = (
				2D23ED6329A004EC00EAF8AF /* NewsTableViewCell.swift */,
				2DB70B1329A2360F000E0457 /* FavoritesCollectionViewCell.swift */,
			);
			path = Cells;
			sourceTree = "<group>";
		};
/* End PBXGroup section */

/* Begin PBXNativeTarget section */
		2D25C0EE299B6A3400B8B084 /* TestTheApp */ = {
			isa = PBXNativeTarget;
			buildConfigurationList = 2D25C103299B6A3600B8B084 /* Build configuration list for PBXNativeTarget "TestTheApp" */;
			buildPhases = (
				2D25C0EB299B6A3400B8B084 /* Sources */,
				2D25C0EC299B6A3400B8B084 /* Frameworks */,
				2D25C0ED299B6A3400B8B084 /* Resources */,
			);
			buildRules = (
			);
			dependencies = (
			);
			name = TestTheApp;
			packageProductDependencies = (
				2D41BAC8299B7FE2000637BD /* FirebaseAnalytics */,
				2D41BACA299B7FE2000637BD /* FirebaseAuth */,
			);
			productName = TestTheApp;
			productReference = 2D25C0EF299B6A3400B8B084 /* TestTheApp.app */;
			productType = "com.apple.product-type.application";
		};
/* End PBXNativeTarget section */

/* Begin PBXProject section */
		2D25C0E7299B6A3400B8B084 /* Project object */ = {
			isa = PBXProject;
			attributes = {
				BuildIndependentTargetsInParallel = 1;
				LastSwiftUpdateCheck = 1420;
				LastUpgradeCheck = 1420;
				TargetAttributes = {
					2D25C0EE299B6A3400B8B084 = {
						CreatedOnToolsVersion = 14.2;
					};
				};
			};
			buildConfigurationList = 2D25C0EA299B6A3400B8B084 /* Build configuration list for PBXProject "TestTheApp" */;
			compatibilityVersion = "Xcode 14.0";
			developmentRegion = en;
			hasScannedForEncodings = 0;
			knownRegions = (
				en,
				Base,
			);
			mainGroup = 2D25C0E6299B6A3400B8B084;
			packageReferences = (
				2D41BAC7299B7FE2000637BD /* XCRemoteSwiftPackageReference "firebase-ios-sdk" */,
			);
			productRefGroup = 2D25C0F0299B6A3400B8B084 /* Products */;
			projectDirPath = "";
			projectRoot = "";
			targets = (
				2D25C0EE299B6A3400B8B084 /* TestTheApp */,
			);
		};
/* End PBXProject section */

/* Begin PBXResourcesBuildPhase section */
		2D25C0ED299B6A3400B8B084 /* Resources */ = {
			isa = PBXResourcesBuildPhase;
			buildActionMask = 2147483647;
			files = (
				2D25C0FF299B6A3600B8B084 /* LaunchScreen.storyboard in Resources */,
				2D41BAC6299B7DF5000637BD /* GoogleService-Info.plist in Resources */,
				2D25C0FC299B6A3600B8B084 /* Assets.xcassets in Resources */,
				2D25C0FA299B6A3400B8B084 /* Main.storyboard in Resources */,
			);
			runOnlyForDeploymentPostprocessing = 0;
		};
/* End PBXResourcesBuildPhase section */

/* Begin PBXSourcesBuildPhase section */
		2D25C0EB299B6A3400B8B084 /* Sources */ = {
			isa = PBXSourcesBuildPhase;
			buildActionMask = 2147483647;
			files = (
				2D368A1F299E0EE40039E7C4 /* Fonts.swift in Sources */,
				2DB70B1929A26DD1000E0457 /* ProfileView.swift in Sources */,
				2DFC79B229A13C5700465CA9 /* NewsData.swift in Sources */,
				2D368A21299E15110039E7C4 /* Colors.swift in Sources */,
				2D368A19299E07F40039E7C4 /* RegistrationViewController.swift in Sources */,
				2D2C211F29A3506D00C1AB71 /* Persistance.swift in Sources */,
				2D368A23299E7C540039E7C4 /* UITextField+Padding.swift in Sources */,
				2DB70B1029A217F6000E0457 /* ArticleView.swift in Sources */,
				2D23ED6929A0058900EAF8AF /* NewsViewModel.swift in Sources */,
				2D23ED60299FC2F200EAF8AF /* MapMarkView.swift in Sources */,
				2DB70B1429A2360F000E0457 /* FavoritesCollectionViewCell.swift in Sources */,
				2D25C0F7299B6A3400B8B084 /* AuthViewController.swift in Sources */,
				2DB70B1729A2699F000E0457 /* ProfileViewModel.swift in Sources */,
				2D368A17299E07570039E7C4 /* AuthView.swift in Sources */,
				2D8E5076299F6A4B00A3A6A7 /* MapViewController.swift in Sources */,
				2D23ED6229A0043D00EAF8AF /* NewsViewController.swift in Sources */,
				2D368A1C299E0ABD0039E7C4 /* AuthViewModel.swift in Sources */,
				2D368A27299EBC7E0039E7C4 /* ResetPassView.swift in Sources */,
				2D23ED5D299FA4B300EAF8AF /* MapData.swift in Sources */,
				2D8E507C299F72C800A3A6A7 /* ArticleViewController.swift in Sources */,
				2DB70B1229A23487000E0457 /* FavoritesCellView.swift in Sources */,
				2D23ED6629A0054200EAF8AF /* NewsCellView.swift in Sources */,
				2D368A25299EBC530039E7C4 /* ResetPassViewController.swift in Sources */,
				2D25C0F3299B6A3400B8B084 /* AppDelegate.swift in Sources */,
				2DDFACAA299D69D100E07A96 /* ProfileViewController.swift in Sources */,
				2D8E507A299F6FDA00A3A6A7 /* FavoritesViewController.swift in Sources */,
				2D25C0F5299B6A3400B8B084 /* SceneDelegate.swift in Sources */,
				2DB70B1B29A29CFC000E0457 /* CurrentUser.swift in Sources */,
				2D23ED6429A004EC00EAF8AF /* NewsTableViewCell.swift in Sources */,
			);
			runOnlyForDeploymentPostprocessing = 0;
		};
/* End PBXSourcesBuildPhase section */

/* Begin PBXVariantGroup section */
		2D25C0F8299B6A3400B8B084 /* Main.storyboard */ = {
			isa = PBXVariantGroup;
			children = (
				2D25C0F9299B6A3400B8B084 /* Base */,
			);
			name = Main.storyboard;
			sourceTree = "<group>";
		};
		2D25C0FD299B6A3600B8B084 /* LaunchScreen.storyboard */ = {
			isa = PBXVariantGroup;
			children = (
				2D25C0FE299B6A3600B8B084 /* Base */,
			);
			name = LaunchScreen.storyboard;
			sourceTree = "<group>";
		};
/* End PBXVariantGroup section */

/* Begin XCBuildConfiguration section */
		2D25C101299B6A3600B8B084 /* Debug */ = {
			isa = XCBuildConfiguration;
			buildSettings = {
				ALWAYS_SEARCH_USER_PATHS = NO;
				CLANG_ANALYZER_NONNULL = YES;
				CLANG_ANALYZER_NUMBER_OBJECT_CONVERSION = YES_AGGRESSIVE;
				CLANG_CXX_LANGUAGE_STANDARD = "gnu++20";
				CLANG_ENABLE_MODULES = YES;
				CLANG_ENABLE_OBJC_ARC = YES;
				CLANG_ENABLE_OBJC_WEAK = YES;
				CLANG_WARN_BLOCK_CAPTURE_AUTORELEASING = YES;
				CLANG_WARN_BOOL_CONVERSION = YES;
				CLANG_WARN_COMMA = YES;
				CLANG_WARN_CONSTANT_CONVERSION = YES;
				CLANG_WARN_DEPRECATED_OBJC_IMPLEMENTATIONS = YES;
				CLANG_WARN_DIRECT_OBJC_ISA_USAGE = YES_ERROR;
				CLANG_WARN_DOCUMENTATION_COMMENTS = YES;
				CLANG_WARN_EMPTY_BODY = YES;
				CLANG_WARN_ENUM_CONVERSION = YES;
				CLANG_WARN_INFINITE_RECURSION = YES;
				CLANG_WARN_INT_CONVERSION = YES;
				CLANG_WARN_NON_LITERAL_NULL_CONVERSION = YES;
				CLANG_WARN_OBJC_IMPLICIT_RETAIN_SELF = YES;
				CLANG_WARN_OBJC_LITERAL_CONVERSION = YES;
				CLANG_WARN_OBJC_ROOT_CLASS = YES_ERROR;
				CLANG_WARN_QUOTED_INCLUDE_IN_FRAMEWORK_HEADER = YES;
				CLANG_WARN_RANGE_LOOP_ANALYSIS = YES;
				CLANG_WARN_STRICT_PROTOTYPES = YES;
				CLANG_WARN_SUSPICIOUS_MOVE = YES;
				CLANG_WARN_UNGUARDED_AVAILABILITY = YES_AGGRESSIVE;
				CLANG_WARN_UNREACHABLE_CODE = YES;
				CLANG_WARN__DUPLICATE_METHOD_MATCH = YES;
				COPY_PHASE_STRIP = NO;
				DEBUG_INFORMATION_FORMAT = dwarf;
				ENABLE_STRICT_OBJC_MSGSEND = YES;
				ENABLE_TESTABILITY = YES;
				GCC_C_LANGUAGE_STANDARD = gnu11;
				GCC_DYNAMIC_NO_PIC = NO;
				GCC_NO_COMMON_BLOCKS = YES;
				GCC_OPTIMIZATION_LEVEL = 0;
				GCC_PREPROCESSOR_DEFINITIONS = (
					"DEBUG=1",
					"$(inherited)",
				);
				GCC_WARN_64_TO_32_BIT_CONVERSION = YES;
				GCC_WARN_ABOUT_RETURN_TYPE = YES_ERROR;
				GCC_WARN_UNDECLARED_SELECTOR = YES;
				GCC_WARN_UNINITIALIZED_AUTOS = YES_AGGRESSIVE;
				GCC_WARN_UNUSED_FUNCTION = YES;
				GCC_WARN_UNUSED_VARIABLE = YES;
				IPHONEOS_DEPLOYMENT_TARGET = 13.0;
				MTL_ENABLE_DEBUG_INFO = INCLUDE_SOURCE;
				MTL_FAST_MATH = YES;
				ONLY_ACTIVE_ARCH = YES;
				SDKROOT = iphoneos;
				SWIFT_ACTIVE_COMPILATION_CONDITIONS = DEBUG;
				SWIFT_OPTIMIZATION_LEVEL = "-Onone";
			};
			name = Debug;
		};
		2D25C102299B6A3600B8B084 /* Release */ = {
			isa = XCBuildConfiguration;
			buildSettings = {
				ALWAYS_SEARCH_USER_PATHS = NO;
				CLANG_ANALYZER_NONNULL = YES;
				CLANG_ANALYZER_NUMBER_OBJECT_CONVERSION = YES_AGGRESSIVE;
				CLANG_CXX_LANGUAGE_STANDARD = "gnu++20";
				CLANG_ENABLE_MODULES = YES;
				CLANG_ENABLE_OBJC_ARC = YES;
				CLANG_ENABLE_OBJC_WEAK = YES;
				CLANG_WARN_BLOCK_CAPTURE_AUTORELEASING = YES;
				CLANG_WARN_BOOL_CONVERSION = YES;
				CLANG_WARN_COMMA = YES;
				CLANG_WARN_CONSTANT_CONVERSION = YES;
				CLANG_WARN_DEPRECATED_OBJC_IMPLEMENTATIONS = YES;
				CLANG_WARN_DIRECT_OBJC_ISA_USAGE = YES_ERROR;
				CLANG_WARN_DOCUMENTATION_COMMENTS = YES;
				CLANG_WARN_EMPTY_BODY = YES;
				CLANG_WARN_ENUM_CONVERSION = YES;
				CLANG_WARN_INFINITE_RECURSION = YES;
				CLANG_WARN_INT_CONVERSION = YES;
				CLANG_WARN_NON_LITERAL_NULL_CONVERSION = YES;
				CLANG_WARN_OBJC_IMPLICIT_RETAIN_SELF = YES;
				CLANG_WARN_OBJC_LITERAL_CONVERSION = YES;
				CLANG_WARN_OBJC_ROOT_CLASS = YES_ERROR;
				CLANG_WARN_QUOTED_INCLUDE_IN_FRAMEWORK_HEADER = YES;
				CLANG_WARN_RANGE_LOOP_ANALYSIS = YES;
				CLANG_WARN_STRICT_PROTOTYPES = YES;
				CLANG_WARN_SUSPICIOUS_MOVE = YES;
				CLANG_WARN_UNGUARDED_AVAILABILITY = YES_AGGRESSIVE;
				CLANG_WARN_UNREACHABLE_CODE = YES;
				CLANG_WARN__DUPLICATE_METHOD_MATCH = YES;
				COPY_PHASE_STRIP = NO;
				DEBUG_INFORMATION_FORMAT = "dwarf-with-dsym";
				ENABLE_NS_ASSERTIONS = NO;
				ENABLE_STRICT_OBJC_MSGSEND = YES;
				GCC_C_LANGUAGE_STANDARD = gnu11;
				GCC_NO_COMMON_BLOCKS = YES;
				GCC_WARN_64_TO_32_BIT_CONVERSION = YES;
				GCC_WARN_ABOUT_RETURN_TYPE = YES_ERROR;
				GCC_WARN_UNDECLARED_SELECTOR = YES;
				GCC_WARN_UNINITIALIZED_AUTOS = YES_AGGRESSIVE;
				GCC_WARN_UNUSED_FUNCTION = YES;
				GCC_WARN_UNUSED_VARIABLE = YES;
				IPHONEOS_DEPLOYMENT_TARGET = 13.0;
				MTL_ENABLE_DEBUG_INFO = NO;
				MTL_FAST_MATH = YES;
				SDKROOT = iphoneos;
				SWIFT_COMPILATION_MODE = wholemodule;
				SWIFT_OPTIMIZATION_LEVEL = "-O";
				VALIDATE_PRODUCT = YES;
			};
			name = Release;
		};
		2D25C104299B6A3600B8B084 /* Debug */ = {
			isa = XCBuildConfiguration;
			buildSettings = {
				ASSETCATALOG_COMPILER_APPICON_NAME = AppIcon;
				ASSETCATALOG_COMPILER_GLOBAL_ACCENT_COLOR_NAME = AccentColor;
				CODE_SIGN_STYLE = Automatic;
				CURRENT_PROJECT_VERSION = 1;
				DEVELOPMENT_TEAM = DM3QJ4AJN8;
				GENERATE_INFOPLIST_FILE = YES;
				INFOPLIST_FILE = TestTheApp/Info.plist;
				INFOPLIST_KEY_UIApplicationSupportsIndirectInputEvents = YES;
				INFOPLIST_KEY_UILaunchStoryboardName = LaunchScreen;
				INFOPLIST_KEY_UIMainStoryboardFile = Main;
				INFOPLIST_KEY_UISupportedInterfaceOrientations = UIInterfaceOrientationPortrait;
				INFOPLIST_KEY_UISupportedInterfaceOrientations_iPad = "UIInterfaceOrientationLandscapeRight UIInterfaceOrientationPortrait";
				IPHONEOS_DEPLOYMENT_TARGET = 13.0;
				LD_RUNPATH_SEARCH_PATHS = (
					"$(inherited)",
					"@executable_path/Frameworks",
				);
				MARKETING_VERSION = 1.0;
				PRODUCT_BUNDLE_IDENTIFIER = com.raywenderlich.TestTheApp;
				PRODUCT_NAME = "$(TARGET_NAME)";
				SUPPORTED_PLATFORMS = "iphoneos iphonesimulator";
				SUPPORTS_MACCATALYST = NO;
				SUPPORTS_MAC_DESIGNED_FOR_IPHONE_IPAD = NO;
				SWIFT_EMIT_LOC_STRINGS = YES;
				SWIFT_VERSION = 5.0;
				TARGETED_DEVICE_FAMILY = 1;
			};
			name = Debug;
		};
		2D25C105299B6A3600B8B084 /* Release */ = {
			isa = XCBuildConfiguration;
			buildSettings = {
				ASSETCATALOG_COMPILER_APPICON_NAME = AppIcon;
				ASSETCATALOG_COMPILER_GLOBAL_ACCENT_COLOR_NAME = AccentColor;
				CODE_SIGN_STYLE = Automatic;
				CURRENT_PROJECT_VERSION = 1;
				DEVELOPMENT_TEAM = DM3QJ4AJN8;
				GENERATE_INFOPLIST_FILE = YES;
				INFOPLIST_FILE = TestTheApp/Info.plist;
				INFOPLIST_KEY_UIApplicationSupportsIndirectInputEvents = YES;
				INFOPLIST_KEY_UILaunchStoryboardName = LaunchScreen;
				INFOPLIST_KEY_UIMainStoryboardFile = Main;
				INFOPLIST_KEY_UISupportedInterfaceOrientations = UIInterfaceOrientationPortrait;
				INFOPLIST_KEY_UISupportedInterfaceOrientations_iPad = "UIInterfaceOrientationLandscapeRight UIInterfaceOrientationPortrait";
				IPHONEOS_DEPLOYMENT_TARGET = 13.0;
				LD_RUNPATH_SEARCH_PATHS = (
					"$(inherited)",
					"@executable_path/Frameworks",
				);
				MARKETING_VERSION = 1.0;
				PRODUCT_BUNDLE_IDENTIFIER = com.raywenderlich.TestTheApp;
				PRODUCT_NAME = "$(TARGET_NAME)";
				SUPPORTED_PLATFORMS = "iphoneos iphonesimulator";
				SUPPORTS_MACCATALYST = NO;
				SUPPORTS_MAC_DESIGNED_FOR_IPHONE_IPAD = NO;
				SWIFT_EMIT_LOC_STRINGS = YES;
				SWIFT_VERSION = 5.0;
				TARGETED_DEVICE_FAMILY = 1;
			};
			name = Release;
		};
/* End XCBuildConfiguration section */

/* Begin XCConfigurationList section */
		2D25C0EA299B6A3400B8B084 /* Build configuration list for PBXProject "TestTheApp" */ = {
			isa = XCConfigurationList;
			buildConfigurations = (
				2D25C101299B6A3600B8B084 /* Debug */,
				2D25C102299B6A3600B8B084 /* Release */,
			);
			defaultConfigurationIsVisible = 0;
			defaultConfigurationName = Release;
		};
		2D25C103299B6A3600B8B084 /* Build configuration list for PBXNativeTarget "TestTheApp" */ = {
			isa = XCConfigurationList;
			buildConfigurations = (
				2D25C104299B6A3600B8B084 /* Debug */,
				2D25C105299B6A3600B8B084 /* Release */,
			);
			defaultConfigurationIsVisible = 0;
			defaultConfigurationName = Release;
		};
/* End XCConfigurationList section */

/* Begin XCRemoteSwiftPackageReference section */
		2D41BAC7299B7FE2000637BD /* XCRemoteSwiftPackageReference "firebase-ios-sdk" */ = {
			isa = XCRemoteSwiftPackageReference;
			repositoryURL = "https://github.com/firebase/firebase-ios-sdk";
			requirement = {
				kind = upToNextMajorVersion;
				minimumVersion = 9.0.0;
			};
		};
/* End XCRemoteSwiftPackageReference section */

/* Begin XCSwiftPackageProductDependency section */
		2D41BAC8299B7FE2000637BD /* FirebaseAnalytics */ = {
			isa = XCSwiftPackageProductDependency;
			package = 2D41BAC7299B7FE2000637BD /* XCRemoteSwiftPackageReference "firebase-ios-sdk" */;
			productName = FirebaseAnalytics;
		};
		2D41BACA299B7FE2000637BD /* FirebaseAuth */ = {
			isa = XCSwiftPackageProductDependency;
			package = 2D41BAC7299B7FE2000637BD /* XCRemoteSwiftPackageReference "firebase-ios-sdk" */;
			productName = FirebaseAuth;
		};
/* End XCSwiftPackageProductDependency section */
	};
	rootObject = 2D25C0E7299B6A3400B8B084 /* Project object */;
}
